
Microsoft Visual Studio Solution File, Format Version 12.00
# Visual Studio Version 16
VisualStudioVersion = 16.0.31911.196
MinimumVisualStudioVersion = 10.0.40219.1
Project("{FAE04EC0-301F-11D3-BF4B-00C04F79EFBC}") = "WebBankingAPI", "WebBankingAPI\WebBankingAPI.csproj", "{41DFACBC-3884-4388-9891-9F3B0368A86E}"
EndProject
Global
	GlobalSection(SolutionConfigurationPlatforms) = preSolution
		Debug|Any CPU = Debug|Any CPU
		Release|Any CPU = Release|Any CPU
	EndGlobalSection
	GlobalSection(ProjectConfigurationPlatforms) = postSolution
		{41DFACBC-3884-4388-9891-9F3B0368A86E}.Debug|Any CPU.ActiveCfg = Debug|Any CPU
		{41DFACBC-3884-4388-9891-9F3B0368A86E}.Debug|Any CPU.Build.0 = Debug|Any CPU
		{41DFACBC-3884-4388-9891-9F3B0368A86E}.Release|Any CPU.ActiveCfg = Release|Any CPU
		{41DFACBC-3884-4388-9891-9F3B0368A86E}.Release|Any CPU.Build.0 = Release|Any CPU
	EndGlobalSection
	GlobalSection(SolutionProperties) = preSolution
		HideSolutionNode = FALSE
	EndGlobalSection
	GlobalSection(ExtensibilityGlobals) = postSolution
		SolutionGuid = {D750974D-88FA-4E25-9A2E-06DC4D5FECB2}
	EndGlobalSection
EndGlobal
